
Microsoft Visual Studio Solution File, Format Version 12.00
# Visual Studio Version 16
VisualStudioVersion = 16.0.30804.86
MinimumVisualStudioVersion = 10.0.40219.1
Project("{FAE04EC0-301F-11D3-BF4B-00C04F79EFBC}") = "IntoTheWoods", "IntoTheWoods\IntoTheWoods.csproj", "{984873D9-FCB9-4FD8-AD6A-DB00A5128DBA}"
EndProject
Global
	GlobalSection(SolutionConfigurationPlatforms) = preSolution
		Debug|Any CPU = Debug|Any CPU
		Release|Any CPU = Release|Any CPU
	EndGlobalSection
	GlobalSection(ProjectConfigurationPlatforms) = postSolution
		{984873D9-FCB9-4FD8-AD6A-DB00A5128DBA}.Debug|Any CPU.ActiveCfg = Debug|Any CPU
		{984873D9-FCB9-4FD8-AD6A-DB00A5128DBA}.Debug|Any CPU.Build.0 = Debug|Any CPU
		{984873D9-FCB9-4FD8-AD6A-DB00A5128DBA}.Release|Any CPU.ActiveCfg = Release|Any CPU
		{984873D9-FCB9-4FD8-AD6A-DB00A5128DBA}.Release|Any CPU.Build.0 = Release|Any CPU
	EndGlobalSection
	GlobalSection(SolutionProperties) = preSolution
		HideSolutionNode = FALSE
	EndGlobalSection
	GlobalSection(ExtensibilityGlobals) = postSolution
		SolutionGuid = {F738869C-F5D7-46A6-8686-E22851CBC206}
	EndGlobalSection
EndGlobal
